
Microsoft Visual Studio Solution File, Format Version 12.00
# Visual Studio Version 16
VisualStudioVersion = 16.0.29025.244
MinimumVisualStudioVersion = 10.0.40219.1
Project("{FAE04EC0-301F-11D3-BF4B-00C04F79EFBC}") = "SimpleFullTextSearcher", "SimpleFullTextSearcher\SimpleFullTextSearcher.csproj", "{E82169F8-5E91-45F4-9973-A3753C450B09}"
EndProject
Project("{2150E333-8FDC-42A3-9474-1A3956D46DE8}") = "Solution Items", "Solution Items", "{9A86885D-C00E-4FC4-9370-E3E0D26EA011}"
	ProjectSection(SolutionItems) = preProject
		CHANGELOG.md = CHANGELOG.md
		LICENSE.md = LICENSE.md
		README.md = README.md
	EndProjectSection
EndProject
Global
	GlobalSection(SolutionConfigurationPlatforms) = preSolution
		Debug|Any CPU = Debug|Any CPU
		Release|Any CPU = Release|Any CPU
	EndGlobalSection
	GlobalSection(ProjectConfigurationPlatforms) = postSolution
		{E82169F8-5E91-45F4-9973-A3753C450B09}.Debug|Any CPU.ActiveCfg = Debug|Any CPU
		{E82169F8-5E91-45F4-9973-A3753C450B09}.Debug|Any CPU.Build.0 = Debug|Any CPU
		{E82169F8-5E91-45F4-9973-A3753C450B09}.Release|Any CPU.ActiveCfg = Release|Any CPU
		{E82169F8-5E91-45F4-9973-A3753C450B09}.Release|Any CPU.Build.0 = Release|Any CPU
	EndGlobalSection
	GlobalSection(SolutionProperties) = preSolution
		HideSolutionNode = FALSE
	EndGlobalSection
	GlobalSection(ExtensibilityGlobals) = postSolution
		SolutionGuid = {65DEC8EC-922C-48F4-91F4-6D784409B09E}
	EndGlobalSection
EndGlobal
