
Microsoft Visual Studio Solution File, Format Version 12.00
# Visual Studio 15
VisualStudioVersion = 15.0.27703.2026
MinimumVisualStudioVersion = 10.0.40219.1
Project("{FAE04EC0-301F-11D3-BF4B-00C04F79EFBC}") = "SimpleFullTextSearcher", "SimpleFullTextSearcher\SimpleFullTextSearcher.csproj", "{E82169F8-5E91-45F4-9973-A3753C450B09}"
EndProject
Global
	GlobalSection(SolutionConfigurationPlatforms) = preSolution
		Debug|Any CPU = Debug|Any CPU
		Release|Any CPU = Release|Any CPU
	EndGlobalSection
	GlobalSection(ProjectConfigurationPlatforms) = postSolution
		{E82169F8-5E91-45F4-9973-A3753C450B09}.Debug|Any CPU.ActiveCfg = Debug|Any CPU
		{E82169F8-5E91-45F4-9973-A3753C450B09}.Debug|Any CPU.Build.0 = Debug|Any CPU
		{E82169F8-5E91-45F4-9973-A3753C450B09}.Release|Any CPU.ActiveCfg = Release|Any CPU
		{E82169F8-5E91-45F4-9973-A3753C450B09}.Release|Any CPU.Build.0 = Release|Any CPU
	EndGlobalSection
	GlobalSection(SolutionProperties) = preSolution
		HideSolutionNode = FALSE
	EndGlobalSection
	GlobalSection(ExtensibilityGlobals) = postSolution
		SolutionGuid = {65DEC8EC-922C-48F4-91F4-6D784409B09E}
	EndGlobalSection
EndGlobal
